
Microsoft Visual Studio Solution File, Format Version 12.00
# Visual Studio 14
VisualStudioVersion = 14.0.25123.0
MinimumVisualStudioVersion = 10.0.40219.1
Project("{FAE04EC0-301F-11D3-BF4B-00C04F79EFBC}") = "NinjaDomain.Classes", "Ninja.DomainClasses\NinjaDomain.Classes.csproj", "{B0CE1026-5F2A-4B29-92FF-AA6C8FB417BD}"
EndProject
Project("{FAE04EC0-301F-11D3-BF4B-00C04F79EFBC}") = "NinjaDomain.DataModel", "NinjaDomain.DataModel\NinjaDomain.DataModel.csproj", "{C8528980-CA97-4768-B01C-1583106C0989}"
EndProject
Project("{FAE04EC0-301F-11D3-BF4B-00C04F79EFBC}") = "EdmxFromDb", "EdmxFromDb\EdmxFromDb.csproj", "{24ED7B88-4C1B-4E19-94F6-42966816F39A}"
EndProject
Project("{FAE04EC0-301F-11D3-BF4B-00C04F79EFBC}") = "CodeModelFromDB", "CodeModelFromDB\CodeModelFromDB.csproj", "{54D14882-464A-4EC9-AD45-C0C7E8184A08}"
EndProject
Project("{FAE04EC0-301F-11D3-BF4B-00C04F79EFBC}") = "ConsoleApp", "ConsoleApp\ConsoleApp.csproj", "{AC6F4A17-E2C5-4996-9D2D-FAF5F3BD6E4B}"
EndProject
Project("{FAE04EC0-301F-11D3-BF4B-00C04F79EFBC}") = "WpfApplication", "WpfApplication\WpfApplication.csproj", "{EC1FF6F3-1A13-4953-A0FA-AE9639F9914C}"
EndProject
Project("{FAE04EC0-301F-11D3-BF4B-00C04F79EFBC}") = "WebApplication", "WebApplication\WebApplication.csproj", "{2FAA6EF2-24ED-4DB7-9BED-A0445D90E804}"
EndProject
Global
	GlobalSection(SolutionConfigurationPlatforms) = preSolution
		Debug|Any CPU = Debug|Any CPU
		Release|Any CPU = Release|Any CPU
	EndGlobalSection
	GlobalSection(ProjectConfigurationPlatforms) = postSolution
		{B0CE1026-5F2A-4B29-92FF-AA6C8FB417BD}.Debug|Any CPU.ActiveCfg = Debug|Any CPU
		{B0CE1026-5F2A-4B29-92FF-AA6C8FB417BD}.Debug|Any CPU.Build.0 = Debug|Any CPU
		{B0CE1026-5F2A-4B29-92FF-AA6C8FB417BD}.Release|Any CPU.ActiveCfg = Release|Any CPU
		{B0CE1026-5F2A-4B29-92FF-AA6C8FB417BD}.Release|Any CPU.Build.0 = Release|Any CPU
		{C8528980-CA97-4768-B01C-1583106C0989}.Debug|Any CPU.ActiveCfg = Debug|Any CPU
		{C8528980-CA97-4768-B01C-1583106C0989}.Debug|Any CPU.Build.0 = Debug|Any CPU
		{C8528980-CA97-4768-B01C-1583106C0989}.Release|Any CPU.ActiveCfg = Release|Any CPU
		{C8528980-CA97-4768-B01C-1583106C0989}.Release|Any CPU.Build.0 = Release|Any CPU
		{24ED7B88-4C1B-4E19-94F6-42966816F39A}.Debug|Any CPU.ActiveCfg = Debug|Any CPU
		{24ED7B88-4C1B-4E19-94F6-42966816F39A}.Debug|Any CPU.Build.0 = Debug|Any CPU
		{24ED7B88-4C1B-4E19-94F6-42966816F39A}.Release|Any CPU.ActiveCfg = Release|Any CPU
		{24ED7B88-4C1B-4E19-94F6-42966816F39A}.Release|Any CPU.Build.0 = Release|Any CPU
		{54D14882-464A-4EC9-AD45-C0C7E8184A08}.Debug|Any CPU.ActiveCfg = Debug|Any CPU
		{54D14882-464A-4EC9-AD45-C0C7E8184A08}.Debug|Any CPU.Build.0 = Debug|Any CPU
		{54D14882-464A-4EC9-AD45-C0C7E8184A08}.Release|Any CPU.ActiveCfg = Release|Any CPU
		{54D14882-464A-4EC9-AD45-C0C7E8184A08}.Release|Any CPU.Build.0 = Release|Any CPU
		{AC6F4A17-E2C5-4996-9D2D-FAF5F3BD6E4B}.Debug|Any CPU.ActiveCfg = Debug|Any CPU
		{AC6F4A17-E2C5-4996-9D2D-FAF5F3BD6E4B}.Debug|Any CPU.Build.0 = Debug|Any CPU
		{AC6F4A17-E2C5-4996-9D2D-FAF5F3BD6E4B}.Release|Any CPU.ActiveCfg = Release|Any CPU
		{AC6F4A17-E2C5-4996-9D2D-FAF5F3BD6E4B}.Release|Any CPU.Build.0 = Release|Any CPU
		{EC1FF6F3-1A13-4953-A0FA-AE9639F9914C}.Debug|Any CPU.ActiveCfg = Debug|Any CPU
		{EC1FF6F3-1A13-4953-A0FA-AE9639F9914C}.Debug|Any CPU.Build.0 = Debug|Any CPU
		{EC1FF6F3-1A13-4953-A0FA-AE9639F9914C}.Release|Any CPU.ActiveCfg = Release|Any CPU
		{EC1FF6F3-1A13-4953-A0FA-AE9639F9914C}.Release|Any CPU.Build.0 = Release|Any CPU
		{2FAA6EF2-24ED-4DB7-9BED-A0445D90E804}.Debug|Any CPU.ActiveCfg = Debug|Any CPU
		{2FAA6EF2-24ED-4DB7-9BED-A0445D90E804}.Debug|Any CPU.Build.0 = Debug|Any CPU
		{2FAA6EF2-24ED-4DB7-9BED-A0445D90E804}.Release|Any CPU.ActiveCfg = Release|Any CPU
		{2FAA6EF2-24ED-4DB7-9BED-A0445D90E804}.Release|Any CPU.Build.0 = Release|Any CPU
	EndGlobalSection
	GlobalSection(SolutionProperties) = preSolution
		HideSolutionNode = FALSE
	EndGlobalSection
EndGlobal
